
Microsoft Visual Studio Solution File, Format Version 12.00
# Visual Studio 15
VisualStudioVersion = 15.0.26430.6
MinimumVisualStudioVersion = 10.0.40219.1
Project("{F184B08F-C81C-45F6-A57F-5ABD9991F28F}") = "JBFP", "JBFP\JBFP.vbproj", "{CD8E53D2-B177-494B-AE08-1CEEF98E43D7}"
EndProject
Project("{F184B08F-C81C-45F6-A57F-5ABD9991F28F}") = "JBFP.Tests", "JBFP.Tests\JBFP.Tests.vbproj", "{6C4A666B-90F4-4A2C-9A7B-EB6E845C9793}"
EndProject
Global
	GlobalSection(SolutionConfigurationPlatforms) = preSolution
		Debug|Any CPU = Debug|Any CPU
		Release|Any CPU = Release|Any CPU
	EndGlobalSection
	GlobalSection(ProjectConfigurationPlatforms) = postSolution
		{CD8E53D2-B177-494B-AE08-1CEEF98E43D7}.Debug|Any CPU.ActiveCfg = Debug|Any CPU
		{CD8E53D2-B177-494B-AE08-1CEEF98E43D7}.Debug|Any CPU.Build.0 = Debug|Any CPU
		{CD8E53D2-B177-494B-AE08-1CEEF98E43D7}.Release|Any CPU.ActiveCfg = Release|Any CPU
		{CD8E53D2-B177-494B-AE08-1CEEF98E43D7}.Release|Any CPU.Build.0 = Release|Any CPU
		{6C4A666B-90F4-4A2C-9A7B-EB6E845C9793}.Debug|Any CPU.ActiveCfg = Debug|Any CPU
		{6C4A666B-90F4-4A2C-9A7B-EB6E845C9793}.Debug|Any CPU.Build.0 = Debug|Any CPU
		{6C4A666B-90F4-4A2C-9A7B-EB6E845C9793}.Release|Any CPU.ActiveCfg = Release|Any CPU
		{6C4A666B-90F4-4A2C-9A7B-EB6E845C9793}.Release|Any CPU.Build.0 = Release|Any CPU
	EndGlobalSection
	GlobalSection(SolutionProperties) = preSolution
		HideSolutionNode = FALSE
	EndGlobalSection
	GlobalSection(TeamFoundationVersionControl) = preSolution
		SccNumberOfProjects = 3
		SccEnterpriseProvider = {4CA58AB2-18FA-4F8D-95D4-32DDF27D184C}
		SccTeamFoundationServer = https://atsth9.visualstudio.com/
		SccLocalPath0 = .
		SccProjectUniqueName1 = JBFP\\JBFP.vbproj
		SccProjectName1 = JBFP
		SccLocalPath1 = JBFP
		SccProjectUniqueName2 = JBFP.Tests\\JBFP.Tests.vbproj
		SccProjectName2 = JBFP.Tests
		SccLocalPath2 = JBFP.Tests
	EndGlobalSection
EndGlobal
